{
  "pins" : [
    {
      "identity" : "bodega",
      "kind" : "remoteSourceControl",
      "location" : "https://github.com/mergesort/Bodega",
      "state" : {
        "revision" : "1b72eef5eda5e83fe9b3bb808a2bd899575c057d",
        "version" : "1.1.1"
      }
    },
    {
      "identity" : "swift-collections",
      "kind" : "remoteSourceControl",
      "location" : "https://github.com/apple/swift-collections",
      "state" : {
        "revision" : "48254824bb4248676bf7ce56014ff57b142b77eb",
        "version" : "1.0.2"
      }
    }
  ],
  "version" : 2
}
