{
  "pins" : [
    {
      "identity" : "bodega",
      "kind" : "remoteSourceControl",
      "location" : "https://github.com/mergesort/Bodega.git",
      "state" : {
        "branch" : "1.1-changes",
        "revision" : "5b4d78db23234a83d99bd12091893e9d742149d3"
      }
    },
    {
      "identity" : "swift-collections",
      "kind" : "remoteSourceControl",
      "location" : "https://github.com/apple/swift-collections",
      "state" : {
        "revision" : "48254824bb4248676bf7ce56014ff57b142b77eb",
        "version" : "1.0.2"
      }
    }
  ],
  "version" : 2
}
